
Microsoft Visual Studio Solution File, Format Version 12.00
# Visual Studio Version 18
VisualStudioVersion = 18.4.11519.219 insiders
MinimumVisualStudioVersion = 10.0.40219.1
Project("{FAE04EC0-301F-11D3-BF4B-00C04F79EFBC}") = "Server_Side", "Server_Side\Server_Side.csproj", "{DC8F6C81-380B-437B-A4CC-F8FB5A684337}"
EndProject
Project("{FAE04EC0-301F-11D3-BF4B-00C04F79EFBC}") = "Client_UI", "Client_UI\Client_UI.csproj", "{CA78F7B0-2EB5-4C37-9AEF-E88565C46EAB}"
EndProject
Project("{FAE04EC0-301F-11D3-BF4B-00C04F79EFBC}") = "Game_Engine", "Game_Engine\Game_Engine.csproj", "{2F1BAC23-768A-4604-9B18-D5E5EDE0CE6B}"
EndProject
Project("{FAE04EC0-301F-11D3-BF4B-00C04F79EFBC}") = "Connection.Engine", "..\..\..\Local\Domino\Connection.Engine\Connection.Engine.csproj", "{EBBC5C17-7288-59D8-E579-E4B57497B2C9}"
EndProject
Project("{FAE04EC0-301F-11D3-BF4B-00C04F79EFBC}") = "Domino.Server", "..\..\..\Local\Domino\Domino.Server\Domino.Server.csproj", "{0E0B2446-12D7-B7F4-32AD-D3E5DD93A7B7}"
EndProject
Global
	GlobalSection(SolutionConfigurationPlatforms) = preSolution
		Debug|Any CPU = Debug|Any CPU
		Release|Any CPU = Release|Any CPU
	EndGlobalSection
	GlobalSection(ProjectConfigurationPlatforms) = postSolution
		{DC8F6C81-380B-437B-A4CC-F8FB5A684337}.Debug|Any CPU.ActiveCfg = Debug|Any CPU
		{DC8F6C81-380B-437B-A4CC-F8FB5A684337}.Debug|Any CPU.Build.0 = Debug|Any CPU
		{DC8F6C81-380B-437B-A4CC-F8FB5A684337}.Release|Any CPU.ActiveCfg = Release|Any CPU
		{DC8F6C81-380B-437B-A4CC-F8FB5A684337}.Release|Any CPU.Build.0 = Release|Any CPU
		{CA78F7B0-2EB5-4C37-9AEF-E88565C46EAB}.Debug|Any CPU.ActiveCfg = Debug|Any CPU
		{CA78F7B0-2EB5-4C37-9AEF-E88565C46EAB}.Debug|Any CPU.Build.0 = Debug|Any CPU
		{CA78F7B0-2EB5-4C37-9AEF-E88565C46EAB}.Release|Any CPU.ActiveCfg = Release|Any CPU
		{CA78F7B0-2EB5-4C37-9AEF-E88565C46EAB}.Release|Any CPU.Build.0 = Release|Any CPU
		{2F1BAC23-768A-4604-9B18-D5E5EDE0CE6B}.Debug|Any CPU.ActiveCfg = Debug|Any CPU
		{2F1BAC23-768A-4604-9B18-D5E5EDE0CE6B}.Debug|Any CPU.Build.0 = Debug|Any CPU
		{2F1BAC23-768A-4604-9B18-D5E5EDE0CE6B}.Release|Any CPU.ActiveCfg = Release|Any CPU
		{2F1BAC23-768A-4604-9B18-D5E5EDE0CE6B}.Release|Any CPU.Build.0 = Release|Any CPU
		{EBBC5C17-7288-59D8-E579-E4B57497B2C9}.Debug|Any CPU.ActiveCfg = Debug|Any CPU
		{EBBC5C17-7288-59D8-E579-E4B57497B2C9}.Debug|Any CPU.Build.0 = Debug|Any CPU
		{EBBC5C17-7288-59D8-E579-E4B57497B2C9}.Release|Any CPU.ActiveCfg = Release|Any CPU
		{EBBC5C17-7288-59D8-E579-E4B57497B2C9}.Release|Any CPU.Build.0 = Release|Any CPU
		{0E0B2446-12D7-B7F4-32AD-D3E5DD93A7B7}.Debug|Any CPU.ActiveCfg = Debug|Any CPU
		{0E0B2446-12D7-B7F4-32AD-D3E5DD93A7B7}.Debug|Any CPU.Build.0 = Debug|Any CPU
		{0E0B2446-12D7-B7F4-32AD-D3E5DD93A7B7}.Release|Any CPU.ActiveCfg = Release|Any CPU
		{0E0B2446-12D7-B7F4-32AD-D3E5DD93A7B7}.Release|Any CPU.Build.0 = Release|Any CPU
	EndGlobalSection
	GlobalSection(SolutionProperties) = preSolution
		HideSolutionNode = FALSE
	EndGlobalSection
	GlobalSection(ExtensibilityGlobals) = postSolution
		SolutionGuid = {7033A6C4-C867-4C0F-A657-F671C5CA14C1}
	EndGlobalSection
EndGlobal
